
Microsoft Visual Studio Solution File, Format Version 12.00
# Visual Studio Version 17
VisualStudioVersion = 17.4.33110.190
MinimumVisualStudioVersion = 10.0.40219.1
Project("{FAE04EC0-301F-11D3-BF4B-00C04F79EFBC}") = "Piedra_Papel_Tijera", "Piedra_Papel_Tijera.csproj", "{8EFFBB1A-DC12-423B-A9A9-B300D64A6F99}"
EndProject
Global
	GlobalSection(SolutionConfigurationPlatforms) = preSolution
		Debug|Any CPU = Debug|Any CPU
		Release|Any CPU = Release|Any CPU
	EndGlobalSection
	GlobalSection(ProjectConfigurationPlatforms) = postSolution
		{8EFFBB1A-DC12-423B-A9A9-B300D64A6F99}.Debug|Any CPU.ActiveCfg = Debug|Any CPU
		{8EFFBB1A-DC12-423B-A9A9-B300D64A6F99}.Debug|Any CPU.Build.0 = Debug|Any CPU
		{8EFFBB1A-DC12-423B-A9A9-B300D64A6F99}.Release|Any CPU.ActiveCfg = Release|Any CPU
		{8EFFBB1A-DC12-423B-A9A9-B300D64A6F99}.Release|Any CPU.Build.0 = Release|Any CPU
	EndGlobalSection
	GlobalSection(SolutionProperties) = preSolution
		HideSolutionNode = FALSE
	EndGlobalSection
	GlobalSection(ExtensibilityGlobals) = postSolution
		SolutionGuid = {61015B4F-226C-4977-A6D5-2E8171CB0CA1}
	EndGlobalSection
EndGlobal
